
Microsoft Visual Studio Solution File, Format Version 12.00
# Visual Studio Version 16
VisualStudioVersion = 16.0.31624.102
MinimumVisualStudioVersion = 10.0.40219.1
Project("{FAE04EC0-301F-11D3-BF4B-00C04F79EFBC}") = "CodeChallengeWK2", "CodeChallengeWK2\CodeChallengeWK2.csproj", "{57F1EE51-E477-4588-8AD7-21E4B19DBD07}"
EndProject
Global
	GlobalSection(SolutionConfigurationPlatforms) = preSolution
		Debug|Any CPU = Debug|Any CPU
		Release|Any CPU = Release|Any CPU
	EndGlobalSection
	GlobalSection(ProjectConfigurationPlatforms) = postSolution
		{57F1EE51-E477-4588-8AD7-21E4B19DBD07}.Debug|Any CPU.ActiveCfg = Debug|Any CPU
		{57F1EE51-E477-4588-8AD7-21E4B19DBD07}.Debug|Any CPU.Build.0 = Debug|Any CPU
		{57F1EE51-E477-4588-8AD7-21E4B19DBD07}.Release|Any CPU.ActiveCfg = Release|Any CPU
		{57F1EE51-E477-4588-8AD7-21E4B19DBD07}.Release|Any CPU.Build.0 = Release|Any CPU
	EndGlobalSection
	GlobalSection(SolutionProperties) = preSolution
		HideSolutionNode = FALSE
	EndGlobalSection
	GlobalSection(ExtensibilityGlobals) = postSolution
		SolutionGuid = {53FA196C-E080-4B24-852B-E7A693DCC5F7}
	EndGlobalSection
EndGlobal
